{
  "name": "dotfiles",
  "lockfileVersion": 2,
  "requires": true,
  "packages": {
    "": {
      "name": "dotfiles",
      "devDependencies": {
        "@prettier/plugin-xml": "^3.2.2",
        "prettier": "^3.1.0"
      }
    },
    "node_modules/@prettier/plugin-xml": {
      "version": "3.2.2",
      "resolved": "https://registry.npmjs.org/@prettier/plugin-xml/-/plugin-xml-3.2.2.tgz",
      "integrity": "sha512-SoE70SQF1AKIvK7LVK80JcdAe6wrDcbodFFjcoqb1FkOqV0G0oSlgAFDwoRXPqkUE5p/YF2nGsnUbnfm6471sw==",
      "dev": true,
      "dependencies": {
        "@xml-tools/parser": "^1.0.11"
      },
      "peerDependencies": {
        "prettier": "^3.0.0"
      }
    },
    "node_modules/@xml-tools/parser": {
      "version": "1.0.11",
      "resolved": "https://registry.npmjs.org/@xml-tools/parser/-/parser-1.0.11.tgz",
      "integrity": "sha512-aKqQ077XnR+oQtHJlrAflaZaL7qZsulWc/i/ZEooar5JiWj1eLt0+Wg28cpa+XLney107wXqneC+oG1IZvxkTA==",
      "dev": true,
      "dependencies": {
        "chevrotain": "7.1.1"
      }
    },
    "node_modules/chevrotain": {
      "version": "7.1.1",
      "resolved": "https://registry.npmjs.org/chevrotain/-/chevrotain-7.1.1.tgz",
      "integrity": "sha512-wy3mC1x4ye+O+QkEinVJkPf5u2vsrDIYW9G7ZuwFl6v/Yu0LwUuT2POsb+NUWApebyxfkQq6+yDfRExbnI5rcw==",
      "dev": true,
      "dependencies": {
        "regexp-to-ast": "0.5.0"
      }
    },
    "node_modules/prettier": {
      "version": "3.1.0",
      "resolved": "https://registry.npmjs.org/prettier/-/prettier-3.1.0.tgz",
      "integrity": "sha512-TQLvXjq5IAibjh8EpBIkNKxO749UEWABoiIZehEPiY4GNpVdhaFKqSTu+QrlU6D2dPAfubRmtJTi4K4YkQ5eXw==",
      "dev": true,
      "bin": {
        "prettier": "bin/prettier.cjs"
      },
      "engines": {
        "node": ">=14"
      },
      "funding": {
        "url": "https://github.com/prettier/prettier?sponsor=1"
      }
    },
    "node_modules/regexp-to-ast": {
      "version": "0.5.0",
      "resolved": "https://registry.npmjs.org/regexp-to-ast/-/regexp-to-ast-0.5.0.tgz",
      "integrity": "sha512-tlbJqcMHnPKI9zSrystikWKwHkBqu2a/Sgw01h3zFjvYrMxEDYHzzoMZnUrbIfpTFEsoRnnviOXNCzFiSc54Qw==",
      "dev": true
    }
  },
  "dependencies": {
    "@prettier/plugin-xml": {
      "version": "3.2.2",
      "resolved": "https://registry.npmjs.org/@prettier/plugin-xml/-/plugin-xml-3.2.2.tgz",
      "integrity": "sha512-SoE70SQF1AKIvK7LVK80JcdAe6wrDcbodFFjcoqb1FkOqV0G0oSlgAFDwoRXPqkUE5p/YF2nGsnUbnfm6471sw==",
      "dev": true,
      "requires": {
        "@xml-tools/parser": "^1.0.11"
      }
    },
    "@xml-tools/parser": {
      "version": "1.0.11",
      "resolved": "https://registry.npmjs.org/@xml-tools/parser/-/parser-1.0.11.tgz",
      "integrity": "sha512-aKqQ077XnR+oQtHJlrAflaZaL7qZsulWc/i/ZEooar5JiWj1eLt0+Wg28cpa+XLney107wXqneC+oG1IZvxkTA==",
      "dev": true,
      "requires": {
        "chevrotain": "7.1.1"
      }
    },
    "chevrotain": {
      "version": "7.1.1",
      "resolved": "https://registry.npmjs.org/chevrotain/-/chevrotain-7.1.1.tgz",
      "integrity": "sha512-wy3mC1x4ye+O+QkEinVJkPf5u2vsrDIYW9G7ZuwFl6v/Yu0LwUuT2POsb+NUWApebyxfkQq6+yDfRExbnI5rcw==",
      "dev": true,
      "requires": {
        "regexp-to-ast": "0.5.0"
      }
    },
    "prettier": {
      "version": "3.1.0",
      "resolved": "https://registry.npmjs.org/prettier/-/prettier-3.1.0.tgz",
      "integrity": "sha512-TQLvXjq5IAibjh8EpBIkNKxO749UEWABoiIZehEPiY4GNpVdhaFKqSTu+QrlU6D2dPAfubRmtJTi4K4YkQ5eXw==",
      "dev": true
    },
    "regexp-to-ast": {
      "version": "0.5.0",
      "resolved": "https://registry.npmjs.org/regexp-to-ast/-/regexp-to-ast-0.5.0.tgz",
      "integrity": "sha512-tlbJqcMHnPKI9zSrystikWKwHkBqu2a/Sgw01h3zFjvYrMxEDYHzzoMZnUrbIfpTFEsoRnnviOXNCzFiSc54Qw==",
      "dev": true
    }
  }
}
